
Microsoft Visual Studio Solution File, Format Version 12.00
# Visual Studio Version 16
VisualStudioVersion = 16.0.29519.181
MinimumVisualStudioVersion = 10.0.40219.1
Project("{8BC9CEB8-8B4A-11D0-8D11-00A0C91BC942}") = "lab7", "lab7\lab7.vcxproj", "{924BA6A8-89B2-4AC4-A8B9-E2212DDA4591}"
EndProject
Project("{8BC9CEB8-8B4A-11D0-8D11-00A0C91BC942}") = "lab8", "lab8\lab8.vcxproj", "{E6EDAAB2-15F6-4F49-AFFD-BA7B49F95CC4}"
EndProject
Project("{8BC9CEB8-8B4A-11D0-8D11-00A0C91BC942}") = "lab9", "lab9\lab9.vcxproj", "{7BFD1CE8-FE84-4E8E-8003-F7BFAB89D16A}"
EndProject
Project("{8BC9CEB8-8B4A-11D0-8D11-00A0C91BC942}") = "lab10", "lab10\lab10.vcxproj", "{EC8F7400-6B97-46BC-A84E-67216101AA5F}"
EndProject
Project("{8BC9CEB8-8B4A-11D0-8D11-00A0C91BC942}") = "lab11_12_13", "lab11,12,13\lab11,12,13.vcxproj", "{A8B6FA2E-26A7-4224-B7DD-66BE842FCD56}"
EndProject
Global
	GlobalSection(SolutionConfigurationPlatforms) = preSolution
		Debug|x64 = Debug|x64
		Debug|x86 = Debug|x86
		Release|x64 = Release|x64
		Release|x86 = Release|x86
	EndGlobalSection
	GlobalSection(ProjectConfigurationPlatforms) = postSolution
		{924BA6A8-89B2-4AC4-A8B9-E2212DDA4591}.Debug|x64.ActiveCfg = Debug|x64
		{924BA6A8-89B2-4AC4-A8B9-E2212DDA4591}.Debug|x64.Build.0 = Debug|x64
		{924BA6A8-89B2-4AC4-A8B9-E2212DDA4591}.Debug|x86.ActiveCfg = Debug|Win32
		{924BA6A8-89B2-4AC4-A8B9-E2212DDA4591}.Debug|x86.Build.0 = Debug|Win32
		{924BA6A8-89B2-4AC4-A8B9-E2212DDA4591}.Release|x64.ActiveCfg = Release|x64
		{924BA6A8-89B2-4AC4-A8B9-E2212DDA4591}.Release|x64.Build.0 = Release|x64
		{924BA6A8-89B2-4AC4-A8B9-E2212DDA4591}.Release|x86.ActiveCfg = Release|Win32
		{924BA6A8-89B2-4AC4-A8B9-E2212DDA4591}.Release|x86.Build.0 = Release|Win32
		{E6EDAAB2-15F6-4F49-AFFD-BA7B49F95CC4}.Debug|x64.ActiveCfg = Debug|x64
		{E6EDAAB2-15F6-4F49-AFFD-BA7B49F95CC4}.Debug|x64.Build.0 = Debug|x64
		{E6EDAAB2-15F6-4F49-AFFD-BA7B49F95CC4}.Debug|x86.ActiveCfg = Debug|Win32
		{E6EDAAB2-15F6-4F49-AFFD-BA7B49F95CC4}.Debug|x86.Build.0 = Debug|Win32
		{E6EDAAB2-15F6-4F49-AFFD-BA7B49F95CC4}.Release|x64.ActiveCfg = Release|x64
		{E6EDAAB2-15F6-4F49-AFFD-BA7B49F95CC4}.Release|x64.Build.0 = Release|x64
		{E6EDAAB2-15F6-4F49-AFFD-BA7B49F95CC4}.Release|x86.ActiveCfg = Release|Win32
		{E6EDAAB2-15F6-4F49-AFFD-BA7B49F95CC4}.Release|x86.Build.0 = Release|Win32
		{7BFD1CE8-FE84-4E8E-8003-F7BFAB89D16A}.Debug|x64.ActiveCfg = Debug|x64
		{7BFD1CE8-FE84-4E8E-8003-F7BFAB89D16A}.Debug|x64.Build.0 = Debug|x64
		{7BFD1CE8-FE84-4E8E-8003-F7BFAB89D16A}.Debug|x86.ActiveCfg = Debug|Win32
		{7BFD1CE8-FE84-4E8E-8003-F7BFAB89D16A}.Debug|x86.Build.0 = Debug|Win32
		{7BFD1CE8-FE84-4E8E-8003-F7BFAB89D16A}.Release|x64.ActiveCfg = Release|x64
		{7BFD1CE8-FE84-4E8E-8003-F7BFAB89D16A}.Release|x64.Build.0 = Release|x64
		{7BFD1CE8-FE84-4E8E-8003-F7BFAB89D16A}.Release|x86.ActiveCfg = Release|Win32
		{7BFD1CE8-FE84-4E8E-8003-F7BFAB89D16A}.Release|x86.Build.0 = Release|Win32
		{EC8F7400-6B97-46BC-A84E-67216101AA5F}.Debug|x64.ActiveCfg = Debug|x64
		{EC8F7400-6B97-46BC-A84E-67216101AA5F}.Debug|x64.Build.0 = Debug|x64
		{EC8F7400-6B97-46BC-A84E-67216101AA5F}.Debug|x86.ActiveCfg = Debug|Win32
		{EC8F7400-6B97-46BC-A84E-67216101AA5F}.Debug|x86.Build.0 = Debug|Win32
		{EC8F7400-6B97-46BC-A84E-67216101AA5F}.Release|x64.ActiveCfg = Release|x64
		{EC8F7400-6B97-46BC-A84E-67216101AA5F}.Release|x64.Build.0 = Release|x64
		{EC8F7400-6B97-46BC-A84E-67216101AA5F}.Release|x86.ActiveCfg = Release|Win32
		{EC8F7400-6B97-46BC-A84E-67216101AA5F}.Release|x86.Build.0 = Release|Win32
		{A8B6FA2E-26A7-4224-B7DD-66BE842FCD56}.Debug|x64.ActiveCfg = Debug|x64
		{A8B6FA2E-26A7-4224-B7DD-66BE842FCD56}.Debug|x64.Build.0 = Debug|x64
		{A8B6FA2E-26A7-4224-B7DD-66BE842FCD56}.Debug|x86.ActiveCfg = Debug|Win32
		{A8B6FA2E-26A7-4224-B7DD-66BE842FCD56}.Debug|x86.Build.0 = Debug|Win32
		{A8B6FA2E-26A7-4224-B7DD-66BE842FCD56}.Release|x64.ActiveCfg = Release|x64
		{A8B6FA2E-26A7-4224-B7DD-66BE842FCD56}.Release|x64.Build.0 = Release|x64
		{A8B6FA2E-26A7-4224-B7DD-66BE842FCD56}.Release|x86.ActiveCfg = Release|Win32
		{A8B6FA2E-26A7-4224-B7DD-66BE842FCD56}.Release|x86.Build.0 = Release|Win32
	EndGlobalSection
	GlobalSection(SolutionProperties) = preSolution
		HideSolutionNode = FALSE
	EndGlobalSection
	GlobalSection(ExtensibilityGlobals) = postSolution
		SolutionGuid = {E1384309-A7AB-41BF-82F1-7CD183FD1E4D}
	EndGlobalSection
EndGlobal
